
Microsoft Visual Studio Solution File, Format Version 12.00
# Visual Studio Version 16
VisualStudioVersion = 16.0.30114.105
MinimumVisualStudioVersion = 10.0.40219.1
Project("{9A19103F-16F7-4668-BE54-9A1E7A4F7556}") = "ProcessMemory", "..\ProcessMemory\ProcessMemory\ProcessMemory.csproj", "{FFB63975-C00B-42C7-9272-74A98F282FED}"
EndProject
Project("{9A19103F-16F7-4668-BE54-9A1E7A4F7556}") = "SRTPluginProducerRE2", "src\SRTPluginProducerRE2\SRTPluginProducerRE2.csproj", "{F60B024A-E3AD-47E8-9056-6A86B3732B95}"
EndProject
Global
	GlobalSection(SolutionConfigurationPlatforms) = preSolution
		Debug|x64 = Debug|x64
		Release|x64 = Release|x64
	EndGlobalSection
	GlobalSection(ProjectConfigurationPlatforms) = postSolution
		{FFB63975-C00B-42C7-9272-74A98F282FED}.Debug|x64.ActiveCfg = Debug|x64
		{FFB63975-C00B-42C7-9272-74A98F282FED}.Debug|x64.Build.0 = Debug|x64
		{FFB63975-C00B-42C7-9272-74A98F282FED}.Release|x64.ActiveCfg = Release|x64
		{FFB63975-C00B-42C7-9272-74A98F282FED}.Release|x64.Build.0 = Release|x64
		{F60B024A-E3AD-47E8-9056-6A86B3732B95}.Debug|x64.ActiveCfg = Debug|x64
		{F60B024A-E3AD-47E8-9056-6A86B3732B95}.Debug|x64.Build.0 = Debug|x64
		{F60B024A-E3AD-47E8-9056-6A86B3732B95}.Release|x64.ActiveCfg = Release|x64
		{F60B024A-E3AD-47E8-9056-6A86B3732B95}.Release|x64.Build.0 = Release|x64
	EndGlobalSection
	GlobalSection(SolutionProperties) = preSolution
		HideSolutionNode = FALSE
	EndGlobalSection
	GlobalSection(ExtensibilityGlobals) = postSolution
		SolutionGuid = {3E2AA9F4-4BB6-4C80-B576-D7FFE7607897}
	EndGlobalSection
EndGlobal
